
Microsoft Visual Studio Solution File, Format Version 12.00
# Visual Studio 15
VisualStudioVersion = 15.0.27703.2000
MinimumVisualStudioVersion = 10.0.40219.1
Project("{FAE04EC0-301F-11D3-BF4B-00C04F79EFBC}") = "I4GUI-Desktop-App", "I4GUI-Desktop-App\I4GUI-Desktop-App.csproj", "{ED2117CE-9810-48A7-8A2E-C6C87F5BBF9A}"
EndProject
Global
	GlobalSection(SolutionConfigurationPlatforms) = preSolution
		Debug|Any CPU = Debug|Any CPU
		Release|Any CPU = Release|Any CPU
	EndGlobalSection
	GlobalSection(ProjectConfigurationPlatforms) = postSolution
		{ED2117CE-9810-48A7-8A2E-C6C87F5BBF9A}.Debug|Any CPU.ActiveCfg = Debug|Any CPU
		{ED2117CE-9810-48A7-8A2E-C6C87F5BBF9A}.Debug|Any CPU.Build.0 = Debug|Any CPU
		{ED2117CE-9810-48A7-8A2E-C6C87F5BBF9A}.Release|Any CPU.ActiveCfg = Release|Any CPU
		{ED2117CE-9810-48A7-8A2E-C6C87F5BBF9A}.Release|Any CPU.Build.0 = Release|Any CPU
	EndGlobalSection
	GlobalSection(SolutionProperties) = preSolution
		HideSolutionNode = FALSE
	EndGlobalSection
	GlobalSection(ExtensibilityGlobals) = postSolution
		SolutionGuid = {63C895AF-555D-49A5-A338-3955F9AEFBD3}
	EndGlobalSection
EndGlobal
